
Microsoft Visual Studio Solution File, Format Version 12.00
# Visual Studio 15
VisualStudioVersion = 15.0.26730.16
MinimumVisualStudioVersion = 10.0.40219.1
Project("{9A19103F-16F7-4668-BE54-9A1E7A4F7556}") = "Lode.Core", "Lode.Core\Lode.Core.csproj", "{419AE911-9378-4758-8F00-D55F9310A3F9}"
EndProject
Project("{9A19103F-16F7-4668-BE54-9A1E7A4F7556}") = "Lode.Web", "Lode.Web\Lode.Web.csproj", "{EA59FB0B-B4A1-433E-8FA1-E5F1D557F00C}"
EndProject
Global
	GlobalSection(SolutionConfigurationPlatforms) = preSolution
		Debug|Any CPU = Debug|Any CPU
		Release|Any CPU = Release|Any CPU
	EndGlobalSection
	GlobalSection(ProjectConfigurationPlatforms) = postSolution
		{419AE911-9378-4758-8F00-D55F9310A3F9}.Debug|Any CPU.ActiveCfg = Debug|Any CPU
		{419AE911-9378-4758-8F00-D55F9310A3F9}.Debug|Any CPU.Build.0 = Debug|Any CPU
		{419AE911-9378-4758-8F00-D55F9310A3F9}.Release|Any CPU.ActiveCfg = Release|Any CPU
		{419AE911-9378-4758-8F00-D55F9310A3F9}.Release|Any CPU.Build.0 = Release|Any CPU
		{EA59FB0B-B4A1-433E-8FA1-E5F1D557F00C}.Debug|Any CPU.ActiveCfg = Debug|Any CPU
		{EA59FB0B-B4A1-433E-8FA1-E5F1D557F00C}.Debug|Any CPU.Build.0 = Debug|Any CPU
		{EA59FB0B-B4A1-433E-8FA1-E5F1D557F00C}.Release|Any CPU.ActiveCfg = Release|Any CPU
		{EA59FB0B-B4A1-433E-8FA1-E5F1D557F00C}.Release|Any CPU.Build.0 = Release|Any CPU
		{A750E9C6-4C5E-483B-9E81-B614E5979CFB}.Debug|Any CPU.ActiveCfg = Debug|Any CPU
		{A750E9C6-4C5E-483B-9E81-B614E5979CFB}.Debug|Any CPU.Build.0 = Debug|Any CPU
		{A750E9C6-4C5E-483B-9E81-B614E5979CFB}.Release|Any CPU.ActiveCfg = Release|Any CPU
		{A750E9C6-4C5E-483B-9E81-B614E5979CFB}.Release|Any CPU.Build.0 = Release|Any CPU
		{9433F56E-3F55-4D17-A892-A26F24369AF2}.Debug|Any CPU.ActiveCfg = Debug|Any CPU
		{9433F56E-3F55-4D17-A892-A26F24369AF2}.Debug|Any CPU.Build.0 = Debug|Any CPU
		{9433F56E-3F55-4D17-A892-A26F24369AF2}.Release|Any CPU.ActiveCfg = Release|Any CPU
		{9433F56E-3F55-4D17-A892-A26F24369AF2}.Release|Any CPU.Build.0 = Release|Any CPU
	EndGlobalSection
	GlobalSection(SolutionProperties) = preSolution
		HideSolutionNode = FALSE
	EndGlobalSection
	GlobalSection(ExtensibilityGlobals) = postSolution
		SolutionGuid = {CFD83B29-E387-4EF9-9074-8ABDE4384BA5}
	EndGlobalSection
EndGlobal
